
Microsoft Visual Studio Solution File, Format Version 12.00
# Visual Studio 15
VisualStudioVersion = 15.0.28307.489
MinimumVisualStudioVersion = 10.0.40219.1
Project("{FAE04EC0-301F-11D3-BF4B-00C04F79EFBC}") = "Course", "Course\Course.csproj", "{DA60CB11-5164-4100-862F-297E4C00DA48}"
EndProject
Global
	GlobalSection(SolutionConfigurationPlatforms) = preSolution
		Debug|Any CPU = Debug|Any CPU
		Release|Any CPU = Release|Any CPU
	EndGlobalSection
	GlobalSection(ProjectConfigurationPlatforms) = postSolution
		{DA60CB11-5164-4100-862F-297E4C00DA48}.Debug|Any CPU.ActiveCfg = Debug|Any CPU
		{DA60CB11-5164-4100-862F-297E4C00DA48}.Debug|Any CPU.Build.0 = Debug|Any CPU
		{DA60CB11-5164-4100-862F-297E4C00DA48}.Release|Any CPU.ActiveCfg = Release|Any CPU
		{DA60CB11-5164-4100-862F-297E4C00DA48}.Release|Any CPU.Build.0 = Release|Any CPU
	EndGlobalSection
	GlobalSection(SolutionProperties) = preSolution
		HideSolutionNode = FALSE
	EndGlobalSection
	GlobalSection(ExtensibilityGlobals) = postSolution
		SolutionGuid = {B0669B1A-1AD7-4990-9A86-7C4FC26668BD}
	EndGlobalSection
EndGlobal
