
Microsoft Visual Studio Solution File, Format Version 12.00
# Visual Studio 15
VisualStudioVersion = 15.0.28307.489
MinimumVisualStudioVersion = 10.0.40219.1
Project("{FAE04EC0-301F-11D3-BF4B-00C04F79EFBC}") = "entradadedados1", "entradadedados1\entradadedados1.csproj", "{07E10BFB-6EDB-4CB2-86EB-6E0CADDEAB40}"
EndProject
Global
	GlobalSection(SolutionConfigurationPlatforms) = preSolution
		Debug|Any CPU = Debug|Any CPU
		Release|Any CPU = Release|Any CPU
	EndGlobalSection
	GlobalSection(ProjectConfigurationPlatforms) = postSolution
		{07E10BFB-6EDB-4CB2-86EB-6E0CADDEAB40}.Debug|Any CPU.ActiveCfg = Debug|Any CPU
		{07E10BFB-6EDB-4CB2-86EB-6E0CADDEAB40}.Debug|Any CPU.Build.0 = Debug|Any CPU
		{07E10BFB-6EDB-4CB2-86EB-6E0CADDEAB40}.Release|Any CPU.ActiveCfg = Release|Any CPU
		{07E10BFB-6EDB-4CB2-86EB-6E0CADDEAB40}.Release|Any CPU.Build.0 = Release|Any CPU
	EndGlobalSection
	GlobalSection(SolutionProperties) = preSolution
		HideSolutionNode = FALSE
	EndGlobalSection
	GlobalSection(ExtensibilityGlobals) = postSolution
		SolutionGuid = {21546A54-2C6D-40F2-AAC1-2FADC08CB615}
	EndGlobalSection
EndGlobal
