
Microsoft Visual Studio Solution File, Format Version 12.00
# Visual Studio 15
VisualStudioVersion = 15.0.28307.572
MinimumVisualStudioVersion = 10.0.40219.1
Project("{FAE04EC0-301F-11D3-BF4B-00C04F79EFBC}") = "LINQcomLambdaParte1", "LINQcomLambdaParte1\LINQcomLambdaParte1.csproj", "{16CDDFD6-E587-4459-8A88-26C33EABF14C}"
EndProject
Global
	GlobalSection(SolutionConfigurationPlatforms) = preSolution
		Debug|Any CPU = Debug|Any CPU
		Release|Any CPU = Release|Any CPU
	EndGlobalSection
	GlobalSection(ProjectConfigurationPlatforms) = postSolution
		{16CDDFD6-E587-4459-8A88-26C33EABF14C}.Debug|Any CPU.ActiveCfg = Debug|Any CPU
		{16CDDFD6-E587-4459-8A88-26C33EABF14C}.Debug|Any CPU.Build.0 = Debug|Any CPU
		{16CDDFD6-E587-4459-8A88-26C33EABF14C}.Release|Any CPU.ActiveCfg = Release|Any CPU
		{16CDDFD6-E587-4459-8A88-26C33EABF14C}.Release|Any CPU.Build.0 = Release|Any CPU
	EndGlobalSection
	GlobalSection(SolutionProperties) = preSolution
		HideSolutionNode = FALSE
	EndGlobalSection
	GlobalSection(ExtensibilityGlobals) = postSolution
		SolutionGuid = {F1FF0E00-A513-4F56-BEB5-5AE513E0825F}
	EndGlobalSection
EndGlobal
