
Microsoft Visual Studio Solution File, Format Version 12.00
# Visual Studio 15
VisualStudioVersion = 15.0.28307.489
MinimumVisualStudioVersion = 10.0.40219.1
Project("{FAE04EC0-301F-11D3-BF4B-00C04F79EFBC}") = "DataPadraoeISO8601", "DataPadraoeISO8601\DataPadraoeISO8601.csproj", "{0387E0BC-23CA-45D6-BEF8-1EC2528C7ACA}"
EndProject
Global
	GlobalSection(SolutionConfigurationPlatforms) = preSolution
		Debug|Any CPU = Debug|Any CPU
		Release|Any CPU = Release|Any CPU
	EndGlobalSection
	GlobalSection(ProjectConfigurationPlatforms) = postSolution
		{0387E0BC-23CA-45D6-BEF8-1EC2528C7ACA}.Debug|Any CPU.ActiveCfg = Debug|Any CPU
		{0387E0BC-23CA-45D6-BEF8-1EC2528C7ACA}.Debug|Any CPU.Build.0 = Debug|Any CPU
		{0387E0BC-23CA-45D6-BEF8-1EC2528C7ACA}.Release|Any CPU.ActiveCfg = Release|Any CPU
		{0387E0BC-23CA-45D6-BEF8-1EC2528C7ACA}.Release|Any CPU.Build.0 = Release|Any CPU
	EndGlobalSection
	GlobalSection(SolutionProperties) = preSolution
		HideSolutionNode = FALSE
	EndGlobalSection
	GlobalSection(ExtensibilityGlobals) = postSolution
		SolutionGuid = {6E4AFFC6-5D00-45C3-8C5B-7E95BEDE5079}
	EndGlobalSection
EndGlobal
