
Microsoft Visual Studio Solution File, Format Version 12.00
# Visual Studio 15
VisualStudioVersion = 15.0.28307.489
MinimumVisualStudioVersion = 10.0.40219.1
Project("{FAE04EC0-301F-11D3-BF4B-00C04F79EFBC}") = "SegundoExe", "SegundoExe\SegundoExe.csproj", "{E4F42F7C-55B6-4B65-95EC-CFE61323C04D}"
EndProject
Global
	GlobalSection(SolutionConfigurationPlatforms) = preSolution
		Debug|Any CPU = Debug|Any CPU
		Release|Any CPU = Release|Any CPU
	EndGlobalSection
	GlobalSection(ProjectConfigurationPlatforms) = postSolution
		{E4F42F7C-55B6-4B65-95EC-CFE61323C04D}.Debug|Any CPU.ActiveCfg = Debug|Any CPU
		{E4F42F7C-55B6-4B65-95EC-CFE61323C04D}.Debug|Any CPU.Build.0 = Debug|Any CPU
		{E4F42F7C-55B6-4B65-95EC-CFE61323C04D}.Release|Any CPU.ActiveCfg = Release|Any CPU
		{E4F42F7C-55B6-4B65-95EC-CFE61323C04D}.Release|Any CPU.Build.0 = Release|Any CPU
	EndGlobalSection
	GlobalSection(SolutionProperties) = preSolution
		HideSolutionNode = FALSE
	EndGlobalSection
	GlobalSection(ExtensibilityGlobals) = postSolution
		SolutionGuid = {7DBD33B7-51DF-465A-817A-231672632B07}
	EndGlobalSection
EndGlobal
