
Microsoft Visual Studio Solution File, Format Version 12.00
# Visual Studio 15
VisualStudioVersion = 15.0.28307.572
MinimumVisualStudioVersion = 10.0.40219.1
Project("{FAE04EC0-301F-11D3-BF4B-00C04F79EFBC}") = "LinqComLambdaParte2", "LinqComLambdaParte2\LinqComLambdaParte2.csproj", "{4B78F6E0-6613-4FA3-A7D0-3C0E69E6C785}"
EndProject
Global
	GlobalSection(SolutionConfigurationPlatforms) = preSolution
		Debug|Any CPU = Debug|Any CPU
		Release|Any CPU = Release|Any CPU
	EndGlobalSection
	GlobalSection(ProjectConfigurationPlatforms) = postSolution
		{4B78F6E0-6613-4FA3-A7D0-3C0E69E6C785}.Debug|Any CPU.ActiveCfg = Debug|Any CPU
		{4B78F6E0-6613-4FA3-A7D0-3C0E69E6C785}.Debug|Any CPU.Build.0 = Debug|Any CPU
		{4B78F6E0-6613-4FA3-A7D0-3C0E69E6C785}.Release|Any CPU.ActiveCfg = Release|Any CPU
		{4B78F6E0-6613-4FA3-A7D0-3C0E69E6C785}.Release|Any CPU.Build.0 = Release|Any CPU
	EndGlobalSection
	GlobalSection(SolutionProperties) = preSolution
		HideSolutionNode = FALSE
	EndGlobalSection
	GlobalSection(ExtensibilityGlobals) = postSolution
		SolutionGuid = {4CC5A3DC-B0FD-4B4A-95EC-C3A899E7CACE}
	EndGlobalSection
EndGlobal
