
Microsoft Visual Studio Solution File, Format Version 12.00
# Visual Studio 15
VisualStudioVersion = 15.0.28307.489
MinimumVisualStudioVersion = 10.0.40219.1
Project("{FAE04EC0-301F-11D3-BF4B-00C04F79EFBC}") = "ExeProExecptions", "ExeProExecptions\ExeProExecptions.csproj", "{5AFA32F3-E142-4EB0-87DF-4564674F405B}"
EndProject
Global
	GlobalSection(SolutionConfigurationPlatforms) = preSolution
		Debug|Any CPU = Debug|Any CPU
		Release|Any CPU = Release|Any CPU
	EndGlobalSection
	GlobalSection(ProjectConfigurationPlatforms) = postSolution
		{5AFA32F3-E142-4EB0-87DF-4564674F405B}.Debug|Any CPU.ActiveCfg = Debug|Any CPU
		{5AFA32F3-E142-4EB0-87DF-4564674F405B}.Debug|Any CPU.Build.0 = Debug|Any CPU
		{5AFA32F3-E142-4EB0-87DF-4564674F405B}.Release|Any CPU.ActiveCfg = Release|Any CPU
		{5AFA32F3-E142-4EB0-87DF-4564674F405B}.Release|Any CPU.Build.0 = Release|Any CPU
	EndGlobalSection
	GlobalSection(SolutionProperties) = preSolution
		HideSolutionNode = FALSE
	EndGlobalSection
	GlobalSection(ExtensibilityGlobals) = postSolution
		SolutionGuid = {58615E8F-0888-450F-A067-B2957955653B}
	EndGlobalSection
EndGlobal
