
Microsoft Visual Studio Solution File, Format Version 12.00
# Visual Studio 15
VisualStudioVersion = 15.0.28307.489
MinimumVisualStudioVersion = 10.0.40219.1
Project("{FAE04EC0-301F-11D3-BF4B-00C04F79EFBC}") = "ExercicioProposto1", "ExercicioProposto1\ExercicioProposto1.csproj", "{7B53CF70-4185-4242-95E8-F7B29EE23064}"
EndProject
Global
	GlobalSection(SolutionConfigurationPlatforms) = preSolution
		Debug|Any CPU = Debug|Any CPU
		Release|Any CPU = Release|Any CPU
	EndGlobalSection
	GlobalSection(ProjectConfigurationPlatforms) = postSolution
		{7B53CF70-4185-4242-95E8-F7B29EE23064}.Debug|Any CPU.ActiveCfg = Debug|Any CPU
		{7B53CF70-4185-4242-95E8-F7B29EE23064}.Debug|Any CPU.Build.0 = Debug|Any CPU
		{7B53CF70-4185-4242-95E8-F7B29EE23064}.Release|Any CPU.ActiveCfg = Release|Any CPU
		{7B53CF70-4185-4242-95E8-F7B29EE23064}.Release|Any CPU.Build.0 = Release|Any CPU
	EndGlobalSection
	GlobalSection(SolutionProperties) = preSolution
		HideSolutionNode = FALSE
	EndGlobalSection
	GlobalSection(ExtensibilityGlobals) = postSolution
		SolutionGuid = {BFE35D91-6D5E-43D1-A397-4FAF65FFAD40}
	EndGlobalSection
EndGlobal
