
Microsoft Visual Studio Solution File, Format Version 12.00
# Visual Studio 15
VisualStudioVersion = 15.0.28307.489
MinimumVisualStudioVersion = 10.0.40219.1
Project("{FAE04EC0-301F-11D3-BF4B-00C04F79EFBC}") = "Exercicio3", "Exercicio3\Exercicio3.csproj", "{CF0BE16B-C257-4F90-9C97-64388B46A197}"
EndProject
Global
	GlobalSection(SolutionConfigurationPlatforms) = preSolution
		Debug|Any CPU = Debug|Any CPU
		Release|Any CPU = Release|Any CPU
	EndGlobalSection
	GlobalSection(ProjectConfigurationPlatforms) = postSolution
		{CF0BE16B-C257-4F90-9C97-64388B46A197}.Debug|Any CPU.ActiveCfg = Debug|Any CPU
		{CF0BE16B-C257-4F90-9C97-64388B46A197}.Debug|Any CPU.Build.0 = Debug|Any CPU
		{CF0BE16B-C257-4F90-9C97-64388B46A197}.Release|Any CPU.ActiveCfg = Release|Any CPU
		{CF0BE16B-C257-4F90-9C97-64388B46A197}.Release|Any CPU.Build.0 = Release|Any CPU
	EndGlobalSection
	GlobalSection(SolutionProperties) = preSolution
		HideSolutionNode = FALSE
	EndGlobalSection
	GlobalSection(ExtensibilityGlobals) = postSolution
		SolutionGuid = {047BD522-3F9D-4220-9664-7F9672C8DDA2}
	EndGlobalSection
EndGlobal
