
Microsoft Visual Studio Solution File, Format Version 12.00
# Visual Studio 15
VisualStudioVersion = 15.0.28307.572
MinimumVisualStudioVersion = 10.0.40219.1
Project("{FAE04EC0-301F-11D3-BF4B-00C04F79EFBC}") = "ProblemaDoDiamante", "ProblemaDoDiamante\ProblemaDoDiamante.csproj", "{D27E7753-E5DD-4A61-B0EB-691561975108}"
EndProject
Global
	GlobalSection(SolutionConfigurationPlatforms) = preSolution
		Debug|Any CPU = Debug|Any CPU
		Release|Any CPU = Release|Any CPU
	EndGlobalSection
	GlobalSection(ProjectConfigurationPlatforms) = postSolution
		{D27E7753-E5DD-4A61-B0EB-691561975108}.Debug|Any CPU.ActiveCfg = Debug|Any CPU
		{D27E7753-E5DD-4A61-B0EB-691561975108}.Debug|Any CPU.Build.0 = Debug|Any CPU
		{D27E7753-E5DD-4A61-B0EB-691561975108}.Release|Any CPU.ActiveCfg = Release|Any CPU
		{D27E7753-E5DD-4A61-B0EB-691561975108}.Release|Any CPU.Build.0 = Release|Any CPU
	EndGlobalSection
	GlobalSection(SolutionProperties) = preSolution
		HideSolutionNode = FALSE
	EndGlobalSection
	GlobalSection(ExtensibilityGlobals) = postSolution
		SolutionGuid = {6A549D5A-A3C5-412B-A24A-60B646D8EC5F}
	EndGlobalSection
EndGlobal
