
Microsoft Visual Studio Solution File, Format Version 12.00
# Visual Studio 15
VisualStudioVersion = 15.0.28307.489
MinimumVisualStudioVersion = 10.0.40219.1
Project("{FAE04EC0-301F-11D3-BF4B-00C04F79EFBC}") = "EXEPOO1", "EXEPOO1\EXEPOO1.csproj", "{383041E6-D31A-4187-B1C4-F73BA76111BF}"
EndProject
Global
	GlobalSection(SolutionConfigurationPlatforms) = preSolution
		Debug|Any CPU = Debug|Any CPU
		Release|Any CPU = Release|Any CPU
	EndGlobalSection
	GlobalSection(ProjectConfigurationPlatforms) = postSolution
		{383041E6-D31A-4187-B1C4-F73BA76111BF}.Debug|Any CPU.ActiveCfg = Debug|Any CPU
		{383041E6-D31A-4187-B1C4-F73BA76111BF}.Debug|Any CPU.Build.0 = Debug|Any CPU
		{383041E6-D31A-4187-B1C4-F73BA76111BF}.Release|Any CPU.ActiveCfg = Release|Any CPU
		{383041E6-D31A-4187-B1C4-F73BA76111BF}.Release|Any CPU.Build.0 = Release|Any CPU
	EndGlobalSection
	GlobalSection(SolutionProperties) = preSolution
		HideSolutionNode = FALSE
	EndGlobalSection
	GlobalSection(ExtensibilityGlobals) = postSolution
		SolutionGuid = {3158ACF6-C422-408A-872C-F792D09FA947}
	EndGlobalSection
EndGlobal
