
Microsoft Visual Studio Solution File, Format Version 12.00
# Visual Studio 15
VisualStudioVersion = 15.0.28307.489
MinimumVisualStudioVersion = 10.0.40219.1
Project("{FAE04EC0-301F-11D3-BF4B-00C04F79EFBC}") = "ExercicioMatriz2", "ExercicioMatriz2\ExercicioMatriz2.csproj", "{31ABE644-A352-42B1-919E-1FB93C10F1D7}"
EndProject
Global
	GlobalSection(SolutionConfigurationPlatforms) = preSolution
		Debug|Any CPU = Debug|Any CPU
		Release|Any CPU = Release|Any CPU
	EndGlobalSection
	GlobalSection(ProjectConfigurationPlatforms) = postSolution
		{31ABE644-A352-42B1-919E-1FB93C10F1D7}.Debug|Any CPU.ActiveCfg = Debug|Any CPU
		{31ABE644-A352-42B1-919E-1FB93C10F1D7}.Debug|Any CPU.Build.0 = Debug|Any CPU
		{31ABE644-A352-42B1-919E-1FB93C10F1D7}.Release|Any CPU.ActiveCfg = Release|Any CPU
		{31ABE644-A352-42B1-919E-1FB93C10F1D7}.Release|Any CPU.Build.0 = Release|Any CPU
	EndGlobalSection
	GlobalSection(SolutionProperties) = preSolution
		HideSolutionNode = FALSE
	EndGlobalSection
	GlobalSection(ExtensibilityGlobals) = postSolution
		SolutionGuid = {2EF4BA0C-1CD4-4291-AE3D-D1FD85F305F2}
	EndGlobalSection
EndGlobal
