
Microsoft Visual Studio Solution File, Format Version 12.00
# Visual Studio 15
VisualStudioVersion = 15.0.28307.489
MinimumVisualStudioVersion = 10.0.40219.1
Project("{FAE04EC0-301F-11D3-BF4B-00C04F79EFBC}") = "SintaxesAlternativas", "SintaxesAlternativas\SintaxesAlternativas.csproj", "{A9160D2A-93DC-4E96-9F84-0C498118C3AB}"
EndProject
Global
	GlobalSection(SolutionConfigurationPlatforms) = preSolution
		Debug|Any CPU = Debug|Any CPU
		Release|Any CPU = Release|Any CPU
	EndGlobalSection
	GlobalSection(ProjectConfigurationPlatforms) = postSolution
		{A9160D2A-93DC-4E96-9F84-0C498118C3AB}.Debug|Any CPU.ActiveCfg = Debug|Any CPU
		{A9160D2A-93DC-4E96-9F84-0C498118C3AB}.Debug|Any CPU.Build.0 = Debug|Any CPU
		{A9160D2A-93DC-4E96-9F84-0C498118C3AB}.Release|Any CPU.ActiveCfg = Release|Any CPU
		{A9160D2A-93DC-4E96-9F84-0C498118C3AB}.Release|Any CPU.Build.0 = Release|Any CPU
	EndGlobalSection
	GlobalSection(SolutionProperties) = preSolution
		HideSolutionNode = FALSE
	EndGlobalSection
	GlobalSection(ExtensibilityGlobals) = postSolution
		SolutionGuid = {EE0A52F4-077C-4379-AC8C-204AA69F3A01}
	EndGlobalSection
EndGlobal
