
Microsoft Visual Studio Solution File, Format Version 12.00
# Visual Studio 15
VisualStudioVersion = 15.0.28307.572
MinimumVisualStudioVersion = 10.0.40219.1
Project("{FAE04EC0-301F-11D3-BF4B-00C04F79EFBC}") = "DelegatesExe", "DelegatesExe\DelegatesExe.csproj", "{4FF09A89-AA27-45C6-829B-F1B8A92CA4CC}"
EndProject
Global
	GlobalSection(SolutionConfigurationPlatforms) = preSolution
		Debug|Any CPU = Debug|Any CPU
		Release|Any CPU = Release|Any CPU
	EndGlobalSection
	GlobalSection(ProjectConfigurationPlatforms) = postSolution
		{4FF09A89-AA27-45C6-829B-F1B8A92CA4CC}.Debug|Any CPU.ActiveCfg = Debug|Any CPU
		{4FF09A89-AA27-45C6-829B-F1B8A92CA4CC}.Debug|Any CPU.Build.0 = Debug|Any CPU
		{4FF09A89-AA27-45C6-829B-F1B8A92CA4CC}.Release|Any CPU.ActiveCfg = Release|Any CPU
		{4FF09A89-AA27-45C6-829B-F1B8A92CA4CC}.Release|Any CPU.Build.0 = Release|Any CPU
	EndGlobalSection
	GlobalSection(SolutionProperties) = preSolution
		HideSolutionNode = FALSE
	EndGlobalSection
	GlobalSection(ExtensibilityGlobals) = postSolution
		SolutionGuid = {831A6EA0-2BFA-42D7-9BA8-7525BA652BA1}
	EndGlobalSection
EndGlobal
