
Microsoft Visual Studio Solution File, Format Version 12.00
# Visual Studio 15
VisualStudioVersion = 15.0.28307.489
MinimumVisualStudioVersion = 10.0.40219.1
Project("{FAE04EC0-301F-11D3-BF4B-00C04F79EFBC}") = "Listas", "Listas\Listas.csproj", "{3D323A36-7A13-4905-8B04-5B807D3D19DA}"
EndProject
Global
	GlobalSection(SolutionConfigurationPlatforms) = preSolution
		Debug|Any CPU = Debug|Any CPU
		Release|Any CPU = Release|Any CPU
	EndGlobalSection
	GlobalSection(ProjectConfigurationPlatforms) = postSolution
		{3D323A36-7A13-4905-8B04-5B807D3D19DA}.Debug|Any CPU.ActiveCfg = Debug|Any CPU
		{3D323A36-7A13-4905-8B04-5B807D3D19DA}.Debug|Any CPU.Build.0 = Debug|Any CPU
		{3D323A36-7A13-4905-8B04-5B807D3D19DA}.Release|Any CPU.ActiveCfg = Release|Any CPU
		{3D323A36-7A13-4905-8B04-5B807D3D19DA}.Release|Any CPU.Build.0 = Release|Any CPU
	EndGlobalSection
	GlobalSection(SolutionProperties) = preSolution
		HideSolutionNode = FALSE
	EndGlobalSection
	GlobalSection(ExtensibilityGlobals) = postSolution
		SolutionGuid = {B7E7B93D-3EB5-43B2-9E28-084D748E3940}
	EndGlobalSection
EndGlobal
