
Microsoft Visual Studio Solution File, Format Version 12.00
# Visual Studio 15
VisualStudioVersion = 15.0.28307.489
MinimumVisualStudioVersion = 10.0.40219.1
Project("{FAE04EC0-301F-11D3-BF4B-00C04F79EFBC}") = "ExeEHPPOO", "ExeEHPPOO\ExeEHPPOO.csproj", "{A6958106-4114-43C8-BE96-A81DDFFFE562}"
EndProject
Global
	GlobalSection(SolutionConfigurationPlatforms) = preSolution
		Debug|Any CPU = Debug|Any CPU
		Release|Any CPU = Release|Any CPU
	EndGlobalSection
	GlobalSection(ProjectConfigurationPlatforms) = postSolution
		{A6958106-4114-43C8-BE96-A81DDFFFE562}.Debug|Any CPU.ActiveCfg = Debug|Any CPU
		{A6958106-4114-43C8-BE96-A81DDFFFE562}.Debug|Any CPU.Build.0 = Debug|Any CPU
		{A6958106-4114-43C8-BE96-A81DDFFFE562}.Release|Any CPU.ActiveCfg = Release|Any CPU
		{A6958106-4114-43C8-BE96-A81DDFFFE562}.Release|Any CPU.Build.0 = Release|Any CPU
	EndGlobalSection
	GlobalSection(SolutionProperties) = preSolution
		HideSolutionNode = FALSE
	EndGlobalSection
	GlobalSection(ExtensibilityGlobals) = postSolution
		SolutionGuid = {82B1E390-6370-4517-AAA3-97B52B53D655}
	EndGlobalSection
EndGlobal
