
Microsoft Visual Studio Solution File, Format Version 12.00
# Visual Studio 15
VisualStudioVersion = 15.0.28307.489
MinimumVisualStudioVersion = 10.0.40219.1
Project("{FAE04EC0-301F-11D3-BF4B-00C04F79EFBC}") = "CouseEHP", "CouseEHP\CouseEHP.csproj", "{D68DC81B-BC09-4E30-B791-E223CA48E032}"
EndProject
Global
	GlobalSection(SolutionConfigurationPlatforms) = preSolution
		Debug|Any CPU = Debug|Any CPU
		Release|Any CPU = Release|Any CPU
	EndGlobalSection
	GlobalSection(ProjectConfigurationPlatforms) = postSolution
		{D68DC81B-BC09-4E30-B791-E223CA48E032}.Debug|Any CPU.ActiveCfg = Debug|Any CPU
		{D68DC81B-BC09-4E30-B791-E223CA48E032}.Debug|Any CPU.Build.0 = Debug|Any CPU
		{D68DC81B-BC09-4E30-B791-E223CA48E032}.Release|Any CPU.ActiveCfg = Release|Any CPU
		{D68DC81B-BC09-4E30-B791-E223CA48E032}.Release|Any CPU.Build.0 = Release|Any CPU
	EndGlobalSection
	GlobalSection(SolutionProperties) = preSolution
		HideSolutionNode = FALSE
	EndGlobalSection
	GlobalSection(ExtensibilityGlobals) = postSolution
		SolutionGuid = {7D633A68-7D54-4426-B192-C1987051F979}
	EndGlobalSection
EndGlobal
