
Microsoft Visual Studio Solution File, Format Version 12.00
# Visual Studio 15
VisualStudioVersion = 15.0.28307.489
MinimumVisualStudioVersion = 10.0.40219.1
Project("{FAE04EC0-301F-11D3-BF4B-00C04F79EFBC}") = "ExercicioDeFixacao1", "ExercicioDeFixacao1\ExercicioDeFixacao1.csproj", "{8D7F9AA7-9676-49E5-810E-D5E019BEA59E}"
EndProject
Global
	GlobalSection(SolutionConfigurationPlatforms) = preSolution
		Debug|Any CPU = Debug|Any CPU
		Release|Any CPU = Release|Any CPU
	EndGlobalSection
	GlobalSection(ProjectConfigurationPlatforms) = postSolution
		{8D7F9AA7-9676-49E5-810E-D5E019BEA59E}.Debug|Any CPU.ActiveCfg = Debug|Any CPU
		{8D7F9AA7-9676-49E5-810E-D5E019BEA59E}.Debug|Any CPU.Build.0 = Debug|Any CPU
		{8D7F9AA7-9676-49E5-810E-D5E019BEA59E}.Release|Any CPU.ActiveCfg = Release|Any CPU
		{8D7F9AA7-9676-49E5-810E-D5E019BEA59E}.Release|Any CPU.Build.0 = Release|Any CPU
	EndGlobalSection
	GlobalSection(SolutionProperties) = preSolution
		HideSolutionNode = FALSE
	EndGlobalSection
	GlobalSection(ExtensibilityGlobals) = postSolution
		SolutionGuid = {503FEBFB-0B6A-48B4-8E35-15170B5E25B2}
	EndGlobalSection
EndGlobal
