
Microsoft Visual Studio Solution File, Format Version 12.00
# Visual Studio 15
VisualStudioVersion = 15.0.28307.489
MinimumVisualStudioVersion = 10.0.40219.1
Project("{FAE04EC0-301F-11D3-BF4B-00C04F79EFBC}") = "VetorExemplo2", "VetorExemplo2\VetorExemplo2.csproj", "{ACE409A4-B82A-439B-81F4-D9DFD146AE25}"
EndProject
Global
	GlobalSection(SolutionConfigurationPlatforms) = preSolution
		Debug|Any CPU = Debug|Any CPU
		Release|Any CPU = Release|Any CPU
	EndGlobalSection
	GlobalSection(ProjectConfigurationPlatforms) = postSolution
		{ACE409A4-B82A-439B-81F4-D9DFD146AE25}.Debug|Any CPU.ActiveCfg = Debug|Any CPU
		{ACE409A4-B82A-439B-81F4-D9DFD146AE25}.Debug|Any CPU.Build.0 = Debug|Any CPU
		{ACE409A4-B82A-439B-81F4-D9DFD146AE25}.Release|Any CPU.ActiveCfg = Release|Any CPU
		{ACE409A4-B82A-439B-81F4-D9DFD146AE25}.Release|Any CPU.Build.0 = Release|Any CPU
	EndGlobalSection
	GlobalSection(SolutionProperties) = preSolution
		HideSolutionNode = FALSE
	EndGlobalSection
	GlobalSection(ExtensibilityGlobals) = postSolution
		SolutionGuid = {F97DCEB3-44B7-47A8-8294-279A1A51F871}
	EndGlobalSection
EndGlobal
