
Microsoft Visual Studio Solution File, Format Version 12.00
# Visual Studio 15
VisualStudioVersion = 15.0.28307.489
MinimumVisualStudioVersion = 10.0.40219.1
Project("{FAE04EC0-301F-11D3-BF4B-00C04F79EFBC}") = "DateTime", "DateTime\DateTime.csproj", "{621861C8-E3A4-461E-B542-5B24839ED7C9}"
EndProject
Global
	GlobalSection(SolutionConfigurationPlatforms) = preSolution
		Debug|Any CPU = Debug|Any CPU
		Release|Any CPU = Release|Any CPU
	EndGlobalSection
	GlobalSection(ProjectConfigurationPlatforms) = postSolution
		{621861C8-E3A4-461E-B542-5B24839ED7C9}.Debug|Any CPU.ActiveCfg = Debug|Any CPU
		{621861C8-E3A4-461E-B542-5B24839ED7C9}.Debug|Any CPU.Build.0 = Debug|Any CPU
		{621861C8-E3A4-461E-B542-5B24839ED7C9}.Release|Any CPU.ActiveCfg = Release|Any CPU
		{621861C8-E3A4-461E-B542-5B24839ED7C9}.Release|Any CPU.Build.0 = Release|Any CPU
	EndGlobalSection
	GlobalSection(SolutionProperties) = preSolution
		HideSolutionNode = FALSE
	EndGlobalSection
	GlobalSection(ExtensibilityGlobals) = postSolution
		SolutionGuid = {4E962E5F-3183-44AF-9EBE-B3DA21C8D55B}
	EndGlobalSection
EndGlobal
