
Microsoft Visual Studio Solution File, Format Version 12.00
# Visual Studio 15
VisualStudioVersion = 15.0.28307.572
MinimumVisualStudioVersion = 10.0.40219.1
Project("{FAE04EC0-301F-11D3-BF4B-00C04F79EFBC}") = "DelegateActioncomFORECH", "DelegateActioncomFORECH\DelegateActioncomFORECH.csproj", "{C41D0407-A4F0-46AE-96F9-3B6A3D2EEDE1}"
EndProject
Global
	GlobalSection(SolutionConfigurationPlatforms) = preSolution
		Debug|Any CPU = Debug|Any CPU
		Release|Any CPU = Release|Any CPU
	EndGlobalSection
	GlobalSection(ProjectConfigurationPlatforms) = postSolution
		{C41D0407-A4F0-46AE-96F9-3B6A3D2EEDE1}.Debug|Any CPU.ActiveCfg = Debug|Any CPU
		{C41D0407-A4F0-46AE-96F9-3B6A3D2EEDE1}.Debug|Any CPU.Build.0 = Debug|Any CPU
		{C41D0407-A4F0-46AE-96F9-3B6A3D2EEDE1}.Release|Any CPU.ActiveCfg = Release|Any CPU
		{C41D0407-A4F0-46AE-96F9-3B6A3D2EEDE1}.Release|Any CPU.Build.0 = Release|Any CPU
	EndGlobalSection
	GlobalSection(SolutionProperties) = preSolution
		HideSolutionNode = FALSE
	EndGlobalSection
	GlobalSection(ExtensibilityGlobals) = postSolution
		SolutionGuid = {C16AAEF2-704A-4FE0-8F17-C58D052F6571}
	EndGlobalSection
EndGlobal
