
Microsoft Visual Studio Solution File, Format Version 12.00
# Visual Studio 15
VisualStudioVersion = 15.0.28307.489
MinimumVisualStudioVersion = 10.0.40219.1
Project("{FAE04EC0-301F-11D3-BF4B-00C04F79EFBC}") = "ConstrutoresEncap", "ConstrutoresEncap\ConstrutoresEncap.csproj", "{A5601B61-9ED0-4A32-8D38-B29216BA1EA8}"
EndProject
Global
	GlobalSection(SolutionConfigurationPlatforms) = preSolution
		Debug|Any CPU = Debug|Any CPU
		Release|Any CPU = Release|Any CPU
	EndGlobalSection
	GlobalSection(ProjectConfigurationPlatforms) = postSolution
		{A5601B61-9ED0-4A32-8D38-B29216BA1EA8}.Debug|Any CPU.ActiveCfg = Debug|Any CPU
		{A5601B61-9ED0-4A32-8D38-B29216BA1EA8}.Debug|Any CPU.Build.0 = Debug|Any CPU
		{A5601B61-9ED0-4A32-8D38-B29216BA1EA8}.Release|Any CPU.ActiveCfg = Release|Any CPU
		{A5601B61-9ED0-4A32-8D38-B29216BA1EA8}.Release|Any CPU.Build.0 = Release|Any CPU
	EndGlobalSection
	GlobalSection(SolutionProperties) = preSolution
		HideSolutionNode = FALSE
	EndGlobalSection
	GlobalSection(ExtensibilityGlobals) = postSolution
		SolutionGuid = {76D5F0C7-5383-48AB-A894-054899C120B3}
	EndGlobalSection
EndGlobal
